
Microsoft Visual Studio Solution File, Format Version 12.00
# Visual Studio Version 17
VisualStudioVersion = 17.2.32630.192
MinimumVisualStudioVersion = 10.0.40219.1
Project("{FAE04EC0-301F-11D3-BF4B-00C04F79EFBC}") = "RockPaperScissorsGame", "RockPaperScissorsGame\RockPaperScissorsGame.csproj", "{28F7D2EC-10FC-42D1-8652-364731494CAD}"
EndProject
Global
	GlobalSection(SolutionConfigurationPlatforms) = preSolution
		Debug|Any CPU = Debug|Any CPU
		Release|Any CPU = Release|Any CPU
	EndGlobalSection
	GlobalSection(ProjectConfigurationPlatforms) = postSolution
		{28F7D2EC-10FC-42D1-8652-364731494CAD}.Debug|Any CPU.ActiveCfg = Debug|Any CPU
		{28F7D2EC-10FC-42D1-8652-364731494CAD}.Debug|Any CPU.Build.0 = Debug|Any CPU
		{28F7D2EC-10FC-42D1-8652-364731494CAD}.Release|Any CPU.ActiveCfg = Release|Any CPU
		{28F7D2EC-10FC-42D1-8652-364731494CAD}.Release|Any CPU.Build.0 = Release|Any CPU
	EndGlobalSection
	GlobalSection(SolutionProperties) = preSolution
		HideSolutionNode = FALSE
	EndGlobalSection
	GlobalSection(ExtensibilityGlobals) = postSolution
		SolutionGuid = {D0C4D5FB-52C7-4951-BF2D-2062C948E3FB}
	EndGlobalSection
EndGlobal
